<?xml version="1.0" encoding="utf-8"?>
<Project ToolsVersion="17.0" xmlns="http://schemas.microsoft.com/developer/msbuild/2003">
  <ItemGroup>
    <CustomBuild Include="D:\GitHubRepos\v-hacd\app\CMakeFiles\b3a61f1fb9e7d4a43f1d3cffc10331d0\generate.stamp.rule">
      <Filter>CMake Rules</Filter>
    </CustomBuild>
  </ItemGroup>
  <ItemGroup>
    <Filter Include="CMake Rules">
      <UniqueIdentifier>{C2EF53B4-AABB-3333-A293-A61B8FA3E784}</UniqueIdentifier>
    </Filter>
  </ItemGroup>
</Project>
